
Microsoft Visual Studio Solution File, Format Version 12.00
# Visual Studio Version 16
VisualStudioVersion = 16.0.31019.35
MinimumVisualStudioVersion = 10.0.40219.1
Project("{FAE04EC0-301F-11D3-BF4B-00C04F79EFBC}") = "Quiz", "Quiz\Quiz.csproj", "{06E834DC-4217-490A-BEF9-08F9D2DB3FAF}"
EndProject
Global
	GlobalSection(SolutionConfigurationPlatforms) = preSolution
		Debug|Any CPU = Debug|Any CPU
		Release|Any CPU = Release|Any CPU
	EndGlobalSection
	GlobalSection(ProjectConfigurationPlatforms) = postSolution
		{06E834DC-4217-490A-BEF9-08F9D2DB3FAF}.Debug|Any CPU.ActiveCfg = Debug|Any CPU
		{06E834DC-4217-490A-BEF9-08F9D2DB3FAF}.Debug|Any CPU.Build.0 = Debug|Any CPU
		{06E834DC-4217-490A-BEF9-08F9D2DB3FAF}.Release|Any CPU.ActiveCfg = Release|Any CPU
		{06E834DC-4217-490A-BEF9-08F9D2DB3FAF}.Release|Any CPU.Build.0 = Release|Any CPU
	EndGlobalSection
	GlobalSection(SolutionProperties) = preSolution
		HideSolutionNode = FALSE
	EndGlobalSection
	GlobalSection(ExtensibilityGlobals) = postSolution
		SolutionGuid = {3FF225DB-49DA-458B-A5F5-28B012290436}
	EndGlobalSection
EndGlobal
